
Microsoft Visual Studio Solution File, Format Version 12.00
# Visual Studio Version 16
VisualStudioVersion = 16.0.31729.503
MinimumVisualStudioVersion = 10.0.40219.1
Project("{FAE04EC0-301F-11D3-BF4B-00C04F79EFBC}") = "NETConsole", "NETConsole.csproj", "{F3526C13-968F-488D-981D-F6401ACA8156}"
EndProject
Global
	GlobalSection(SolutionConfigurationPlatforms) = preSolution
		Debug|Any CPU = Debug|Any CPU
		Release|Any CPU = Release|Any CPU
	EndGlobalSection
	GlobalSection(ProjectConfigurationPlatforms) = postSolution
		{F3526C13-968F-488D-981D-F6401ACA8156}.Debug|Any CPU.ActiveCfg = Debug|Any CPU
		{F3526C13-968F-488D-981D-F6401ACA8156}.Debug|Any CPU.Build.0 = Debug|Any CPU
		{F3526C13-968F-488D-981D-F6401ACA8156}.Release|Any CPU.ActiveCfg = Release|Any CPU
		{F3526C13-968F-488D-981D-F6401ACA8156}.Release|Any CPU.Build.0 = Release|Any CPU
	EndGlobalSection
	GlobalSection(SolutionProperties) = preSolution
		HideSolutionNode = FALSE
	EndGlobalSection
	GlobalSection(ExtensibilityGlobals) = postSolution
		SolutionGuid = {254897AC-C48A-4F7F-BBDD-E349F9DDC29C}
	EndGlobalSection
EndGlobal
